github.com/frjo/hugo-theme-zen/v4 v4.3.3 h1:cxYdaES2TVZpV3XcLZaOrZBefqsiVNx73wRY3110EVo=
github.com/frjo/hugo-theme-zen/v4 v4.3.3/go.mod h1:ZPkZzwrQ7qIWkmXbG3MC+IZXBPCaEH9gMXubiPVMX64=
github.com/frjo/hugo-theme-zen/v5 v5.4.0 h1:bHCUz1+ElE0hmbayghcx4qBj+nX37OuCvgvpJTFk0/I=
github.com/frjo/hugo-theme-zen/v5 v5.4.0/go.mod h1:6KlhteJ4KDm55kIMJvC2d2yVQphhGhLb/5RCTPrOrfg=
github.com/hugomods/icons v0.6.6 h1:gGlafcBDRP7sSID+tgLcWdog+s/QBj8DIfU+h9tZj1U=
github.com/hugomods/icons v0.6.6/go.mod h1:cIkSvK6W0q6N4U6n9KGz+QfRWQXAW0INd+1P31gPNGg=
github.com/hugomods/icons/vendors/bootstrap v0.5.10 h1:BwbzyQ3pYEGwh4/dS32ikyalSZ8zshxe+Og/+QHTSN4=
github.com/hugomods/icons/vendors/bootstrap v0.5.10/go.mod h1:WK/K+Ig81G833kx39zJKehOvdVI02Ih7v1K8GQExITA=
github.com/hugomods/icons/vendors/font-awesome v0.6.12 h1:I8ckJFuxr8mD8bJ4NX9NrmnHd3f6XvITuD2ME8a9wXc=
github.com/hugomods/icons/vendors/font-awesome v0.6.12/go.mod h1:6YBo/5GaNpAocKwnKNWcd9xkliiRJXmwz2mstY5lr9I=
